
Microsoft Visual Studio Solution File, Format Version 12.00
# Visual Studio Version 17
VisualStudioVersion = 17.0.31903.59
MinimumVisualStudioVersion = 10.0.40219.1
Project("{2150E333-8FDC-42A3-9474-1A3956D46DE8}") = "Hw", "Hw", "{C02F5D41-8F70-4280-820D-F87D373B86B3}"
EndProject
Project("{FAE04EC0-301F-11D3-BF4B-00C04F79EFBC}") = "ThreadPool", "ThreadPool\ThreadPool.csproj", "{A6AA6455-1F5F-40EC-98ED-FA00B5297E38}"
EndProject
Global
	GlobalSection(SolutionConfigurationPlatforms) = preSolution
		Debug|Any CPU = Debug|Any CPU
		Release|Any CPU = Release|Any CPU
	EndGlobalSection
	GlobalSection(SolutionProperties) = preSolution
		HideSolutionNode = FALSE
	EndGlobalSection
	GlobalSection(NestedProjects) = preSolution
		{A6AA6455-1F5F-40EC-98ED-FA00B5297E38} = {C02F5D41-8F70-4280-820D-F87D373B86B3}
	EndGlobalSection
	GlobalSection(ProjectConfigurationPlatforms) = postSolution
		{A6AA6455-1F5F-40EC-98ED-FA00B5297E38}.Debug|Any CPU.ActiveCfg = Debug|Any CPU
		{A6AA6455-1F5F-40EC-98ED-FA00B5297E38}.Debug|Any CPU.Build.0 = Debug|Any CPU
		{A6AA6455-1F5F-40EC-98ED-FA00B5297E38}.Release|Any CPU.ActiveCfg = Release|Any CPU
		{A6AA6455-1F5F-40EC-98ED-FA00B5297E38}.Release|Any CPU.Build.0 = Release|Any CPU
	EndGlobalSection
EndGlobal
