
Microsoft Visual Studio Solution File, Format Version 12.00
# Visual Studio Version 16
VisualStudioVersion = 16.0.30114.105
MinimumVisualStudioVersion = 10.0.40219.1
Project("{2150E333-8FDC-42A3-9474-1A3956D46DE8}") = "Test", "Test", "{E2FD5499-A861-44FD-8015-DBD6B773FFC3}"
EndProject
Project("{FAE04EC0-301F-11D3-BF4B-00C04F79EFBC}") = "Test", "Test\Test.csproj", "{8EA1A4C9-41FB-47D5-BF9C-ED25D45100C2}"
EndProject
Global
	GlobalSection(SolutionConfigurationPlatforms) = preSolution
		Debug|Any CPU = Debug|Any CPU
		Release|Any CPU = Release|Any CPU
	EndGlobalSection
	GlobalSection(SolutionProperties) = preSolution
		HideSolutionNode = FALSE
	EndGlobalSection
	GlobalSection(NestedProjects) = preSolution
		{8EA1A4C9-41FB-47D5-BF9C-ED25D45100C2} = {E2FD5499-A861-44FD-8015-DBD6B773FFC3}
	EndGlobalSection
	GlobalSection(ProjectConfigurationPlatforms) = postSolution
		{8EA1A4C9-41FB-47D5-BF9C-ED25D45100C2}.Debug|Any CPU.ActiveCfg = Debug|Any CPU
		{8EA1A4C9-41FB-47D5-BF9C-ED25D45100C2}.Debug|Any CPU.Build.0 = Debug|Any CPU
		{8EA1A4C9-41FB-47D5-BF9C-ED25D45100C2}.Release|Any CPU.ActiveCfg = Release|Any CPU
		{8EA1A4C9-41FB-47D5-BF9C-ED25D45100C2}.Release|Any CPU.Build.0 = Release|Any CPU
	EndGlobalSection
EndGlobal
